
Microsoft Visual Studio Solution File, Format Version 12.00
# Visual Studio Version 16
VisualStudioVersion = 16.0.31005.135
MinimumVisualStudioVersion = 10.0.40219.1
Project("{8BC9CEB8-8B4A-11D0-8D11-00A0C91BC942}") = "NODE_B", "NODE_B\NODE_B.vcxproj", "{0650C2CD-14F3-4FCC-BD40-16209DF3EAAB}"
EndProject
Global
	GlobalSection(SolutionConfigurationPlatforms) = preSolution
		Debug|x64 = Debug|x64
		Debug|x86 = Debug|x86
		Release|x64 = Release|x64
		Release|x86 = Release|x86
	EndGlobalSection
	GlobalSection(ProjectConfigurationPlatforms) = postSolution
		{0650C2CD-14F3-4FCC-BD40-16209DF3EAAB}.Debug|x64.ActiveCfg = Debug|x64
		{0650C2CD-14F3-4FCC-BD40-16209DF3EAAB}.Debug|x64.Build.0 = Debug|x64
		{0650C2CD-14F3-4FCC-BD40-16209DF3EAAB}.Debug|x86.ActiveCfg = Debug|Win32
		{0650C2CD-14F3-4FCC-BD40-16209DF3EAAB}.Debug|x86.Build.0 = Debug|Win32
		{0650C2CD-14F3-4FCC-BD40-16209DF3EAAB}.Release|x64.ActiveCfg = Release|x64
		{0650C2CD-14F3-4FCC-BD40-16209DF3EAAB}.Release|x64.Build.0 = Release|x64
		{0650C2CD-14F3-4FCC-BD40-16209DF3EAAB}.Release|x86.ActiveCfg = Release|Win32
		{0650C2CD-14F3-4FCC-BD40-16209DF3EAAB}.Release|x86.Build.0 = Release|Win32
	EndGlobalSection
	GlobalSection(SolutionProperties) = preSolution
		HideSolutionNode = FALSE
	EndGlobalSection
	GlobalSection(ExtensibilityGlobals) = postSolution
		SolutionGuid = {BF9756D2-A228-4F21-9E85-951F9B676E98}
	EndGlobalSection
EndGlobal
